// !$*UTF8*$!
{
	archiveVersion = 1;
	classes = {
	};
	objectVersion = 46;
	objects = {

/* Begin PBXBuildFile section */
		08020A511BC470C800A3AC54 /* EstimoteSDK.framework in Frameworks */ = {isa = PBXBuildFile; fileRef = 08020A501BC470C800A3AC54 /* EstimoteSDK.framework */; settings = {ASSET_TAGS = (); }; };
		AEA1A5271B8C666B00C4A045 /* Monotype Imaging - SlateStd-Bk.otf in Resources */ = {isa = PBXBuildFile; fileRef = AEA1A5261B8C666B00C4A045 /* Monotype Imaging - SlateStd-Bk.otf */; };
		AECA38661B970F7B009A9324 /* BeaconContentCache.m in Sources */ = {isa = PBXBuildFile; fileRef = AECA38591B970F7B009A9324 /* BeaconContentCache.m */; };
		AECA38671B970F7B009A9324 /* BeaconID.m in Sources */ = {isa = PBXBuildFile; fileRef = AECA385C1B970F7B009A9324 /* BeaconID.m */; };
		AECA38681B970F7B009A9324 /* EstimoteCloudBeaconDetails.m in Sources */ = {isa = PBXBuildFile; fileRef = AECA385E1B970F7B009A9324 /* EstimoteCloudBeaconDetails.m */; };
		AECA38691B970F7B009A9324 /* EstimoteCloudBeaconDetailsFactory.m in Sources */ = {isa = PBXBuildFile; fileRef = AECA38601B970F7B009A9324 /* EstimoteCloudBeaconDetailsFactory.m */; };
		AECA386A1B970F7B009A9324 /* EstimoteSDK.framework in Frameworks */ = {isa = PBXBuildFile; fileRef = AECA38611B970F7B009A9324 /* EstimoteSDK.framework */; };
		AECA386B1B970F7B009A9324 /* NearestBeaconManager.m in Sources */ = {isa = PBXBuildFile; fileRef = AECA38631B970F7B009A9324 /* NearestBeaconManager.m */; };
		AECA386C1B970F7B009A9324 /* ProximityContentManager.m in Sources */ = {isa = PBXBuildFile; fileRef = AECA38651B970F7B009A9324 /* ProximityContentManager.m */; };
		AECF16921B0E0C0200CC83B2 /* main.m in Sources */ = {isa = PBXBuildFile; fileRef = AECF16911B0E0C0200CC83B2 /* main.m */; };
		AECF16951B0E0C0200CC83B2 /* AppDelegate.m in Sources */ = {isa = PBXBuildFile; fileRef = AECF16941B0E0C0200CC83B2 /* AppDelegate.m */; };
		AECF16981B0E0C0200CC83B2 /* ViewController.m in Sources */ = {isa = PBXBuildFile; fileRef = AECF16971B0E0C0200CC83B2 /* ViewController.m */; };
		AECF169B1B0E0C0200CC83B2 /* Main.storyboard in Resources */ = {isa = PBXBuildFile; fileRef = AECF16991B0E0C0200CC83B2 /* Main.storyboard */; };
		AECF169D1B0E0C0200CC83B2 /* Images.xcassets in Resources */ = {isa = PBXBuildFile; fileRef = AECF169C1B0E0C0200CC83B2 /* Images.xcassets */; };
		AECF16A01B0E0C0200CC83B2 /* LaunchScreen.xib in Resources */ = {isa = PBXBuildFile; fileRef = AECF169E1B0E0C0200CC83B2 /* LaunchScreen.xib */; };
		AECF16AC1B0E0C0200CC83B2 /* ProximateJ7ATests.m in Sources */ = {isa = PBXBuildFile; fileRef = AECF16AB1B0E0C0200CC83B2 /* ProximateJ7ATests.m */; };
/* End PBXBuildFile section */

/* Begin PBXContainerItemProxy section */
		AECF16A61B0E0C0200CC83B2 /* PBXContainerItemProxy */ = {
			isa = PBXContainerItemProxy;
			containerPortal = AECF16841B0E0C0200CC83B2 /* Project object */;
			proxyType = 1;
			remoteGlobalIDString = AECF168B1B0E0C0200CC83B2;
			remoteInfo = ProximateJ7A;
		};
/* End PBXContainerItemProxy section */

/* Begin PBXFileReference section */
		08020A501BC470C800A3AC54 /* EstimoteSDK.framework */ = {isa = PBXFileReference; lastKnownFileType = wrapper.framework; path = EstimoteSDK.framework; sourceTree = "<group>"; };
		AEA1A5261B8C666B00C4A045 /* Monotype Imaging - SlateStd-Bk.otf */ = {isa = PBXFileReference; lastKnownFileType = file; name = "Monotype Imaging - SlateStd-Bk.otf"; path = "ProximateJ7A/Fonts/Monotype Imaging - SlateStd-Bk.otf"; sourceTree = "<group>"; };
		AECA38581B970F7B009A9324 /* BeaconContentCache.h */ = {isa = PBXFileReference; fileEncoding = 4; lastKnownFileType = sourcecode.c.h; path = BeaconContentCache.h; sourceTree = "<group>"; };
		AECA38591B970F7B009A9324 /* BeaconContentCache.m */ = {isa = PBXFileReference; fileEncoding = 4; lastKnownFileType = sourcecode.c.objc; path = BeaconContentCache.m; sourceTree = "<group>"; };
		AECA385A1B970F7B009A9324 /* BeaconContentFactory.h */ = {isa = PBXFileReference; fileEncoding = 4; lastKnownFileType = sourcecode.c.h; path = BeaconContentFactory.h; sourceTree = "<group>"; };
		AECA385B1B970F7B009A9324 /* BeaconID.h */ = {isa = PBXFileReference; fileEncoding = 4; lastKnownFileType = sourcecode.c.h; path = BeaconID.h; sourceTree = "<group>"; };
		AECA385C1B970F7B009A9324 /* BeaconID.m */ = {isa = PBXFileReference; fileEncoding = 4; lastKnownFileType = sourcecode.c.objc; path = BeaconID.m; sourceTree = "<group>"; };
		AECA385D1B970F7B009A9324 /* EstimoteCloudBeaconDetails.h */ = {isa = PBXFileReference; fileEncoding = 4; lastKnownFileType = sourcecode.c.h; path = EstimoteCloudBeaconDetails.h; sourceTree = "<group>"; };
		AECA385E1B970F7B009A9324 /* EstimoteCloudBeaconDetails.m */ = {isa = PBXFileReference; fileEncoding = 4; lastKnownFileType = sourcecode.c.objc; path = EstimoteCloudBeaconDetails.m; sourceTree = "<group>"; };
		AECA385F1B970F7B009A9324 /* EstimoteCloudBeaconDetailsFactory.h */ = {isa = PBXFileReference; fileEncoding = 4; lastKnownFileType = sourcecode.c.h; path = EstimoteCloudBeaconDetailsFactory.h; sourceTree = "<group>"; };
		AECA38601B970F7B009A9324 /* EstimoteCloudBeaconDetailsFactory.m */ = {isa = PBXFileReference; fileEncoding = 4; lastKnownFileType = sourcecode.c.objc; path = EstimoteCloudBeaconDetailsFactory.m; sourceTree = "<group>"; };
		AECA38611B970F7B009A9324 /* EstimoteSDK.framework */ = {isa = PBXFileReference; lastKnownFileType = wrapper.framework; path = EstimoteSDK.framework; sourceTree = "<group>"; };
		AECA38621B970F7B009A9324 /* NearestBeaconManager.h */ = {isa = PBXFileReference; fileEncoding = 4; lastKnownFileType = sourcecode.c.h; path = NearestBeaconManager.h; sourceTree = "<group>"; };
		AECA38631B970F7B009A9324 /* NearestBeaconManager.m */ = {isa = PBXFileReference; fileEncoding = 4; lastKnownFileType = sourcecode.c.objc; path = NearestBeaconManager.m; sourceTree = "<group>"; };
		AECA38641B970F7B009A9324 /* ProximityContentManager.h */ = {isa = PBXFileReference; fileEncoding = 4; lastKnownFileType = sourcecode.c.h; path = ProximityContentManager.h; sourceTree = "<group>"; };
		AECA38651B970F7B009A9324 /* ProximityContentManager.m */ = {isa = PBXFileReference; fileEncoding = 4; lastKnownFileType = sourcecode.c.objc; path = ProximityContentManager.m; sourceTree = "<group>"; };
		AECF168C1B0E0C0200CC83B2 /* ProximateJ7A.app */ = {isa = PBXFileReference; explicitFileType = wrapper.application; includeInIndex = 0; path = ProximateJ7A.app; sourceTree = BUILT_PRODUCTS_DIR; };
		AECF16901B0E0C0200CC83B2 /* Info.plist */ = {isa = PBXFileReference; lastKnownFileType = text.plist.xml; path = Info.plist; sourceTree = "<group>"; };
		AECF16911B0E0C0200CC83B2 /* main.m */ = {isa = PBXFileReference; lastKnownFileType = sourcecode.c.objc; path = main.m; sourceTree = "<group>"; };
		AECF16931B0E0C0200CC83B2 /* AppDelegate.h */ = {isa = PBXFileReference; lastKnownFileType = sourcecode.c.h; path = AppDelegate.h; sourceTree = "<group>"; };
		AECF16941B0E0C0200CC83B2 /* AppDelegate.m */ = {isa = PBXFileReference; lastKnownFileType = sourcecode.c.objc; path = AppDelegate.m; sourceTree = "<group>"; };
		AECF16961B0E0C0200CC83B2 /* ViewController.h */ = {isa = PBXFileReference; lastKnownFileType = sourcecode.c.h; path = ViewController.h; sourceTree = "<group>"; };
		AECF16971B0E0C0200CC83B2 /* ViewController.m */ = {isa = PBXFileReference; lastKnownFileType = sourcecode.c.objc; path = ViewController.m; sourceTree = "<group>"; };
		AECF169A1B0E0C0200CC83B2 /* Base */ = {isa = PBXFileReference; lastKnownFileType = file.storyboard; name = Base; path = Base.lproj/Main.storyboard; sourceTree = "<group>"; };
		AECF169C1B0E0C0200CC83B2 /* Images.xcassets */ = {isa = PBXFileReference; lastKnownFileType = folder.assetcatalog; path = Images.xcassets; sourceTree = "<group>"; };
		AECF169F1B0E0C0200CC83B2 /* Base */ = {isa = PBXFileReference; lastKnownFileType = file.xib; name = Base; path = Base.lproj/LaunchScreen.xib; sourceTree = "<group>"; };
		AECF16A51B0E0C0200CC83B2 /* ProximateJ7ATests.xctest */ = {isa = PBXFileReference; explicitFileType = wrapper.cfbundle; includeInIndex = 0; path = ProximateJ7ATests.xctest; sourceTree = BUILT_PRODUCTS_DIR; };
		AECF16AA1B0E0C0200CC83B2 /* Info.plist */ = {isa = PBXFileReference; lastKnownFileType = text.plist.xml; path = Info.plist; sourceTree = "<group>"; };
		AECF16AB1B0E0C0200CC83B2 /* ProximateJ7ATests.m */ = {isa = PBXFileReference; lastKnownFileType = sourcecode.c.objc; path = ProximateJ7ATests.m; sourceTree = "<group>"; };
/* End PBXFileReference section */

/* Begin PBXFrameworksBuildPhase section */
		AECF16891B0E0C0200CC83B2 /* Frameworks */ = {
			isa = PBXFrameworksBuildPhase;
			buildActionMask = 2147483647;
			files = (
				AECA386A1B970F7B009A9324 /* EstimoteSDK.framework in Frameworks */,
				08020A511BC470C800A3AC54 /* EstimoteSDK.framework in Frameworks */,
			);
			runOnlyForDeploymentPostprocessing = 0;
		};
		AECF16A21B0E0C0200CC83B2 /* Frameworks */ = {
			isa = PBXFrameworksBuildPhase;
			buildActionMask = 2147483647;
			files = (
			);
			runOnlyForDeploymentPostprocessing = 0;
		};
/* End PBXFrameworksBuildPhase section */

/* Begin PBXGroup section */
		AEA1A5281B8C66E400C4A045 /* Fonts */ = {
			isa = PBXGroup;
			children = (
				AEA1A5261B8C666B00C4A045 /* Monotype Imaging - SlateStd-Bk.otf */,
			);
			name = Fonts;
			path = ..;
			sourceTree = "<group>";
		};
		AECA38571B970F7B009A9324 /* Estimote */ = {
			isa = PBXGroup;
			children = (
				AECA38611B970F7B009A9324 /* EstimoteSDK.framework */,
				AECA38581B970F7B009A9324 /* BeaconContentCache.h */,
				AECA38591B970F7B009A9324 /* BeaconContentCache.m */,
				AECA385A1B970F7B009A9324 /* BeaconContentFactory.h */,
				AECA385B1B970F7B009A9324 /* BeaconID.h */,
				AECA385C1B970F7B009A9324 /* BeaconID.m */,
				AECA385D1B970F7B009A9324 /* EstimoteCloudBeaconDetails.h */,
				AECA385E1B970F7B009A9324 /* EstimoteCloudBeaconDetails.m */,
				AECA385F1B970F7B009A9324 /* EstimoteCloudBeaconDetailsFactory.h */,
				AECA38601B970F7B009A9324 /* EstimoteCloudBeaconDetailsFactory.m */,
				AECA38621B970F7B009A9324 /* NearestBeaconManager.h */,
				AECA38631B970F7B009A9324 /* NearestBeaconManager.m */,
				AECA38641B970F7B009A9324 /* ProximityContentManager.h */,
				AECA38651B970F7B009A9324 /* ProximityContentManager.m */,
			);
			path = Estimote;
			sourceTree = "<group>";
		};
		AECF16831B0E0C0200CC83B2 = {
			isa = PBXGroup;
			children = (
				08020A501BC470C800A3AC54 /* EstimoteSDK.framework */,
				AECF168E1B0E0C0200CC83B2 /* ProximateJ7A */,
				AECF16A81B0E0C0200CC83B2 /* ProximateJ7ATests */,
				AECF168D1B0E0C0200CC83B2 /* Products */,
			);
			sourceTree = "<group>";
		};
		AECF168D1B0E0C0200CC83B2 /* Products */ = {
			isa = PBXGroup;
			children = (
				AECF168C1B0E0C0200CC83B2 /* ProximateJ7A.app */,
				AECF16A51B0E0C0200CC83B2 /* ProximateJ7ATests.xctest */,
			);
			name = Products;
			sourceTree = "<group>";
		};
		AECF168E1B0E0C0200CC83B2 /* ProximateJ7A */ = {
			isa = PBXGroup;
			children = (
				AECF16931B0E0C0200CC83B2 /* AppDelegate.h */,
				AECF16941B0E0C0200CC83B2 /* AppDelegate.m */,
				AECF16961B0E0C0200CC83B2 /* ViewController.h */,
				AECF16971B0E0C0200CC83B2 /* ViewController.m */,
				AECF16991B0E0C0200CC83B2 /* Main.storyboard */,
				AECF169E1B0E0C0200CC83B2 /* LaunchScreen.xib */,
				AECF169C1B0E0C0200CC83B2 /* Images.xcassets */,
				AECF168F1B0E0C0200CC83B2 /* Supporting Files */,
				AEA1A5281B8C66E400C4A045 /* Fonts */,
				AECA38571B970F7B009A9324 /* Estimote */,
			);
			path = ProximateJ7A;
			sourceTree = "<group>";
		};
		AECF168F1B0E0C0200CC83B2 /* Supporting Files */ = {
			isa = PBXGroup;
			children = (
				AECF16901B0E0C0200CC83B2 /* Info.plist */,
				AECF16911B0E0C0200CC83B2 /* main.m */,
			);
			name = "Supporting Files";
			sourceTree = "<group>";
		};
		AECF16A81B0E0C0200CC83B2 /* ProximateJ7ATests */ = {
			isa = PBXGroup;
			children = (
				AECF16AB1B0E0C0200CC83B2 /* ProximateJ7ATests.m */,
				AECF16A91B0E0C0200CC83B2 /* Supporting Files */,
			);
			path = ProximateJ7ATests;
			sourceTree = "<group>";
		};
		AECF16A91B0E0C0200CC83B2 /* Supporting Files */ = {
			isa = PBXGroup;
			children = (
				AECF16AA1B0E0C0200CC83B2 /* Info.plist */,
			);
			name = "Supporting Files";
			sourceTree = "<group>";
		};
/* End PBXGroup section */

/* Begin PBXNativeTarget section */
		AECF168B1B0E0C0200CC83B2 /* ProximateJ7A */ = {
			isa = PBXNativeTarget;
			buildConfigurationList = AECF16AF1B0E0C0200CC83B2 /* Build configuration list for PBXNativeTarget "ProximateJ7A" */;
			buildPhases = (
				AECF16881B0E0C0200CC83B2 /* Sources */,
				AECF16891B0E0C0200CC83B2 /* Frameworks */,
				AECF168A1B0E0C0200CC83B2 /* Resources */,
			);
			buildRules = (
			);
			dependencies = (
			);
			name = ProximateJ7A;
			productName = ProximateJ7A;
			productReference = AECF168C1B0E0C0200CC83B2 /* ProximateJ7A.app */;
			productType = "com.apple.product-type.application";
		};
		AECF16A41B0E0C0200CC83B2 /* ProximateJ7ATests */ = {
			isa = PBXNativeTarget;
			buildConfigurationList = AECF16B21B0E0C0200CC83B2 /* Build configuration list for PBXNativeTarget "ProximateJ7ATests" */;
			buildPhases = (
				AECF16A11B0E0C0200CC83B2 /* Sources */,
				AECF16A21B0E0C0200CC83B2 /* Frameworks */,
				AECF16A31B0E0C0200CC83B2 /* Resources */,
			);
			buildRules = (
			);
			dependencies = (
				AECF16A71B0E0C0200CC83B2 /* PBXTargetDependency */,
			);
			name = ProximateJ7ATests;
			productName = ProximateJ7ATests;
			productReference = AECF16A51B0E0C0200CC83B2 /* ProximateJ7ATests.xctest */;
			productType = "com.apple.product-type.bundle.unit-test";
		};
/* End PBXNativeTarget section */

/* Begin PBXProject section */
		AECF16841B0E0C0200CC83B2 /* Project object */ = {
			isa = PBXProject;
			attributes = {
				LastUpgradeCheck = 0630;
				ORGANIZATIONNAME = "amartya916@gmail.com";
				TargetAttributes = {
					AECF168B1B0E0C0200CC83B2 = {
						CreatedOnToolsVersion = 6.3.2;
						DevelopmentTeam = HL7S2EUM3A;
					};
					AECF16A41B0E0C0200CC83B2 = {
						CreatedOnToolsVersion = 6.3.2;
						TestTargetID = AECF168B1B0E0C0200CC83B2;
					};
				};
			};
			buildConfigurationList = AECF16871B0E0C0200CC83B2 /* Build configuration list for PBXProject "ProximateJ7A" */;
			compatibilityVersion = "Xcode 3.2";
			developmentRegion = English;
			hasScannedForEncodings = 0;
			knownRegions = (
				en,
				Base,
			);
			mainGroup = AECF16831B0E0C0200CC83B2;
			productRefGroup = AECF168D1B0E0C0200CC83B2 /* Products */;
			projectDirPath = "";
			projectRoot = "";
			targets = (
				AECF168B1B0E0C0200CC83B2 /* ProximateJ7A */,
				AECF16A41B0E0C0200CC83B2 /* ProximateJ7ATests */,
			);
		};
/* End PBXProject section */

/* Begin PBXResourcesBuildPhase section */
		AECF168A1B0E0C0200CC83B2 /* Resources */ = {
			isa = PBXResourcesBuildPhase;
			buildActionMask = 2147483647;
			files = (
				AECF169B1B0E0C0200CC83B2 /* Main.storyboard in Resources */,
				AECF16A01B0E0C0200CC83B2 /* LaunchScreen.xib in Resources */,
				AECF169D1B0E0C0200CC83B2 /* Images.xcassets in Resources */,
				AEA1A5271B8C666B00C4A045 /* Monotype Imaging - SlateStd-Bk.otf in Resources */,
			);
			runOnlyForDeploymentPostprocessing = 0;
		};
		AECF16A31B0E0C0200CC83B2 /* Resources */ = {
			isa = PBXResourcesBuildPhase;
			buildActionMask = 2147483647;
			files = (
			);
			runOnlyForDeploymentPostprocessing = 0;
		};
/* End PBXResourcesBuildPhase section */

/* Begin PBXSourcesBuildPhase section */
		AECF16881B0E0C0200CC83B2 /* Sources */ = {
			isa = PBXSourcesBuildPhase;
			buildActionMask = 2147483647;
			files = (
				AECF16981B0E0C0200CC83B2 /* ViewController.m in Sources */,
				AECF16951B0E0C0200CC83B2 /* AppDelegate.m in Sources */,
				AECA38691B970F7B009A9324 /* EstimoteCloudBeaconDetailsFactory.m in Sources */,
				AECA38661B970F7B009A9324 /* BeaconContentCache.m in Sources */,
				AECA38671B970F7B009A9324 /* BeaconID.m in Sources */,
				AECA386C1B970F7B009A9324 /* ProximityContentManager.m in Sources */,
				AECA38681B970F7B009A9324 /* EstimoteCloudBeaconDetails.m in Sources */,
				AECA386B1B970F7B009A9324 /* NearestBeaconManager.m in Sources */,
				AECF16921B0E0C0200CC83B2 /* main.m in Sources */,
			);
			runOnlyForDeploymentPostprocessing = 0;
		};
		AECF16A11B0E0C0200CC83B2 /* Sources */ = {
			isa = PBXSourcesBuildPhase;
			buildActionMask = 2147483647;
			files = (
				AECF16AC1B0E0C0200CC83B2 /* ProximateJ7ATests.m in Sources */,
			);
			runOnlyForDeploymentPostprocessing = 0;
		};
/* End PBXSourcesBuildPhase section */

/* Begin PBXTargetDependency section */
		AECF16A71B0E0C0200CC83B2 /* PBXTargetDependency */ = {
			isa = PBXTargetDependency;
			target = AECF168B1B0E0C0200CC83B2 /* ProximateJ7A */;
			targetProxy = AECF16A61B0E0C0200CC83B2 /* PBXContainerItemProxy */;
		};
/* End PBXTargetDependency section */

/* Begin PBXVariantGroup section */
		AECF16991B0E0C0200CC83B2 /* Main.storyboard */ = {
			isa = PBXVariantGroup;
			children = (
				AECF169A1B0E0C0200CC83B2 /* Base */,
			);
			name = Main.storyboard;
			sourceTree = "<group>";
		};
		AECF169E1B0E0C0200CC83B2 /* LaunchScreen.xib */ = {
			isa = PBXVariantGroup;
			children = (
				AECF169F1B0E0C0200CC83B2 /* Base */,
			);
			name = LaunchScreen.xib;
			sourceTree = "<group>";
		};
/* End PBXVariantGroup section */

/* Begin XCBuildConfiguration section */
		AECF16AD1B0E0C0200CC83B2 /* Debug */ = {
			isa = XCBuildConfiguration;
			buildSettings = {
				ALWAYS_SEARCH_USER_PATHS = NO;
				CLANG_CXX_LANGUAGE_STANDARD = "gnu++0x";
				CLANG_CXX_LIBRARY = "libc++";
				CLANG_ENABLE_MODULES = YES;
				CLANG_ENABLE_OBJC_ARC = YES;
				CLANG_WARN_BOOL_CONVERSION = YES;
				CLANG_WARN_CONSTANT_CONVERSION = YES;
				CLANG_WARN_DIRECT_OBJC_ISA_USAGE = YES_ERROR;
				CLANG_WARN_EMPTY_BODY = YES;
				CLANG_WARN_ENUM_CONVERSION = YES;
				CLANG_WARN_INT_CONVERSION = YES;
				CLANG_WARN_OBJC_ROOT_CLASS = YES_ERROR;
				CLANG_WARN_UNREACHABLE_CODE = YES;
				CLANG_WARN__DUPLICATE_METHOD_MATCH = YES;
				"CODE_SIGN_IDENTITY[sdk=iphoneos*]" = "iPhone Developer";
				COPY_PHASE_STRIP = NO;
				DEBUG_INFORMATION_FORMAT = "dwarf-with-dsym";
				ENABLE_STRICT_OBJC_MSGSEND = YES;
				GCC_C_LANGUAGE_STANDARD = gnu99;
				GCC_DYNAMIC_NO_PIC = NO;
				GCC_NO_COMMON_BLOCKS = YES;
				GCC_OPTIMIZATION_LEVEL = 0;
				GCC_PREPROCESSOR_DEFINITIONS = (
					"DEBUG=1",
					"$(inherited)",
				);
				GCC_SYMBOLS_PRIVATE_EXTERN = NO;
				GCC_WARN_64_TO_32_BIT_CONVERSION = YES;
				GCC_WARN_ABOUT_RETURN_TYPE = YES_ERROR;
				GCC_WARN_UNDECLARED_SELECTOR = YES;
				GCC_WARN_UNINITIALIZED_AUTOS = YES_AGGRESSIVE;
				GCC_WARN_UNUSED_FUNCTION = YES;
				GCC_WARN_UNUSED_VARIABLE = YES;
				IPHONEOS_DEPLOYMENT_TARGET = 8.3;
				MTL_ENABLE_DEBUG_INFO = YES;
				ONLY_ACTIVE_ARCH = YES;
				SDKROOT = iphoneos;
				TARGETED_DEVICE_FAMILY = "1,2";
			};
			name = Debug;
		};
		AECF16AE1B0E0C0200CC83B2 /* Release */ = {
			isa = XCBuildConfiguration;
			buildSettings = {
				ALWAYS_SEARCH_USER_PATHS = NO;
				CLANG_CXX_LANGUAGE_STANDARD = "gnu++0x";
				CLANG_CXX_LIBRARY = "libc++";
				CLANG_ENABLE_MODULES = YES;
				CLANG_ENABLE_OBJC_ARC = YES;
				CLANG_WARN_BOOL_CONVERSION = YES;
				CLANG_WARN_CONSTANT_CONVERSION = YES;
				CLANG_WARN_DIRECT_OBJC_ISA_USAGE = YES_ERROR;
				CLANG_WARN_EMPTY_BODY = YES;
				CLANG_WARN_ENUM_CONVERSION = YES;
				CLANG_WARN_INT_CONVERSION = YES;
				CLANG_WARN_OBJC_ROOT_CLASS = YES_ERROR;
				CLANG_WARN_UNREACHABLE_CODE = YES;
				CLANG_WARN__DUPLICATE_METHOD_MATCH = YES;
				"CODE_SIGN_IDENTITY[sdk=iphoneos*]" = "iPhone Developer";
				COPY_PHASE_STRIP = NO;
				DEBUG_INFORMATION_FORMAT = "dwarf-with-dsym";
				ENABLE_NS_ASSERTIONS = NO;
				ENABLE_STRICT_OBJC_MSGSEND = YES;
				GCC_C_LANGUAGE_STANDARD = gnu99;
				GCC_NO_COMMON_BLOCKS = YES;
				GCC_WARN_64_TO_32_BIT_CONVERSION = YES;
				GCC_WARN_ABOUT_RETURN_TYPE = YES_ERROR;
				GCC_WARN_UNDECLARED_SELECTOR = YES;
				GCC_WARN_UNINITIALIZED_AUTOS = YES_AGGRESSIVE;
				GCC_WARN_UNUSED_FUNCTION = YES;
				GCC_WARN_UNUSED_VARIABLE = YES;
				IPHONEOS_DEPLOYMENT_TARGET = 8.3;
				MTL_ENABLE_DEBUG_INFO = NO;
				SDKROOT = iphoneos;
				TARGETED_DEVICE_FAMILY = "1,2";
				VALIDATE_PRODUCT = YES;
			};
			name = Release;
		};
		AECF16B01B0E0C0200CC83B2 /* Debug */ = {
			isa = XCBuildConfiguration;
			buildSettings = {
				ASSETCATALOG_COMPILER_APPICON_NAME = AppIcon;
				CODE_SIGN_IDENTITY = "iPhone Developer";
				"CODE_SIGN_IDENTITY[sdk=iphoneos*]" = "iPhone Developer";
				FRAMEWORK_SEARCH_PATHS = (
					"$(inherited)",
					"$(PROJECT_DIR)",
					"$(PROJECT_DIR)/ProximateJ7A/Estimote",
					"$(PROJECT_DIR)/ProximateJ7A",
				);
				INFOPLIST_FILE = ProximateJ7A/Info.plist;
				LD_RUNPATH_SEARCH_PATHS = "$(inherited) @executable_path/Frameworks";
				PRODUCT_NAME = "$(TARGET_NAME)";
				PROVISIONING_PROFILE = "";
			};
			name = Debug;
		};
		AECF16B11B0E0C0200CC83B2 /* Release */ = {
			isa = XCBuildConfiguration;
			buildSettings = {
				ASSETCATALOG_COMPILER_APPICON_NAME = AppIcon;
				CODE_SIGN_IDENTITY = "iPhone Developer";
				"CODE_SIGN_IDENTITY[sdk=iphoneos*]" = "iPhone Developer";
				FRAMEWORK_SEARCH_PATHS = (
					"$(inherited)",
					"$(PROJECT_DIR)",
					"$(PROJECT_DIR)/ProximateJ7A/Estimote",
					"$(PROJECT_DIR)/ProximateJ7A",
				);
				INFOPLIST_FILE = ProximateJ7A/Info.plist;
				LD_RUNPATH_SEARCH_PATHS = "$(inherited) @executable_path/Frameworks";
				PRODUCT_NAME = "$(TARGET_NAME)";
				PROVISIONING_PROFILE = "";
			};
			name = Release;
		};
		AECF16B31B0E0C0200CC83B2 /* Debug */ = {
			isa = XCBuildConfiguration;
			buildSettings = {
				BUNDLE_LOADER = "$(TEST_HOST)";
				FRAMEWORK_SEARCH_PATHS = (
					"$(SDKROOT)/Developer/Library/Frameworks",
					"$(inherited)",
				);
				GCC_PREPROCESSOR_DEFINITIONS = (
					"DEBUG=1",
					"$(inherited)",
				);
				INFOPLIST_FILE = ProximateJ7ATests/Info.plist;
				LD_RUNPATH_SEARCH_PATHS = "$(inherited) @executable_path/Frameworks @loader_path/Frameworks";
				PRODUCT_NAME = "$(TARGET_NAME)";
				TEST_HOST = "$(BUILT_PRODUCTS_DIR)/ProximateJ7A.app/ProximateJ7A";
			};
			name = Debug;
		};
		AECF16B41B0E0C0200CC83B2 /* Release */ = {
			isa = XCBuildConfiguration;
			buildSettings = {
				BUNDLE_LOADER = "$(TEST_HOST)";
				FRAMEWORK_SEARCH_PATHS = (
					"$(SDKROOT)/Developer/Library/Frameworks",
					"$(inherited)",
				);
				INFOPLIST_FILE = ProximateJ7ATests/Info.plist;
				LD_RUNPATH_SEARCH_PATHS = "$(inherited) @executable_path/Frameworks @loader_path/Frameworks";
				PRODUCT_NAME = "$(TARGET_NAME)";
				TEST_HOST = "$(BUILT_PRODUCTS_DIR)/ProximateJ7A.app/ProximateJ7A";
			};
			name = Release;
		};
/* End XCBuildConfiguration section */

/* Begin XCConfigurationList section */
		AECF16871B0E0C0200CC83B2 /* Build configuration list for PBXProject "ProximateJ7A" */ = {
			isa = XCConfigurationList;
			buildConfigurations = (
				AECF16AD1B0E0C0200CC83B2 /* Debug */,
				AECF16AE1B0E0C0200CC83B2 /* Release */,
			);
			defaultConfigurationIsVisible = 0;
			defaultConfigurationName = Release;
		};
		AECF16AF1B0E0C0200CC83B2 /* Build configuration list for PBXNativeTarget "ProximateJ7A" */ = {
			isa = XCConfigurationList;
			buildConfigurations = (
				AECF16B01B0E0C0200CC83B2 /* Debug */,
				AECF16B11B0E0C0200CC83B2 /* Release */,
			);
			defaultConfigurationIsVisible = 0;
			defaultConfigurationName = Release;
		};
		AECF16B21B0E0C0200CC83B2 /* Build configuration list for PBXNativeTarget "ProximateJ7ATests" */ = {
			isa = XCConfigurationList;
			buildConfigurations = (
				AECF16B31B0E0C0200CC83B2 /* Debug */,
				AECF16B41B0E0C0200CC83B2 /* Release */,
			);
			defaultConfigurationIsVisible = 0;
			defaultConfigurationName = Release;
		};
/* End XCConfigurationList section */
	};
	rootObject = AECF16841B0E0C0200CC83B2 /* Project object */;
}
